// !$*UTF8*$!
{
	archiveVersion = 1;
	classes = {
	};
	objectVersion = 55;
	objects = {

/* Begin PBXBuildFile section */
		A330161C278F14D00079A493 /* RoundedBorderedImg.swift in Sources */ = {isa = PBXBuildFile; fileRef = A330161B278F14D00079A493 /* RoundedBorderedImg.swift */; };
		A330161E278F18120079A493 /* ContactController.swift in Sources */ = {isa = PBXBuildFile; fileRef = A330161D278F18120079A493 /* ContactController.swift */; };
		A3301620278F18450079A493 /* FoodController.swift in Sources */ = {isa = PBXBuildFile; fileRef = A330161F278F18450079A493 /* FoodController.swift */; };
		A3301622278F262F0079A493 /* FoodTypeStruct.swift in Sources */ = {isa = PBXBuildFile; fileRef = A3301621278F262F0079A493 /* FoodTypeStruct.swift */; };
		A3301624278F26400079A493 /* FoodDatas.swift in Sources */ = {isa = PBXBuildFile; fileRef = A3301623278F26400079A493 /* FoodDatas.swift */; };
		A3AE3CC1278E65D5007F518A /* AppDelegate.swift in Sources */ = {isa = PBXBuildFile; fileRef = A3AE3CC0278E65D5007F518A /* AppDelegate.swift */; };
		A3AE3CC3278E65D5007F518A /* SceneDelegate.swift in Sources */ = {isa = PBXBuildFile; fileRef = A3AE3CC2278E65D5007F518A /* SceneDelegate.swift */; };
		A3AE3CC5278E65D5007F518A /* CarteController.swift in Sources */ = {isa = PBXBuildFile; fileRef = A3AE3CC4278E65D5007F518A /* CarteController.swift */; };
		A3AE3CC8278E65D5007F518A /* Main.storyboard in Resources */ = {isa = PBXBuildFile; fileRef = A3AE3CC6278E65D5007F518A /* Main.storyboard */; };
		A3AE3CCA278E65D6007F518A /* Assets.xcassets in Resources */ = {isa = PBXBuildFile; fileRef = A3AE3CC9278E65D6007F518A /* Assets.xcassets */; };
		A3AE3CCD278E65D6007F518A /* LaunchScreen.storyboard in Resources */ = {isa = PBXBuildFile; fileRef = A3AE3CCB278E65D6007F518A /* LaunchScreen.storyboard */; };
/* End PBXBuildFile section */

/* Begin PBXFileReference section */
		A330161B278F14D00079A493 /* RoundedBorderedImg.swift */ = {isa = PBXFileReference; lastKnownFileType = sourcecode.swift; path = RoundedBorderedImg.swift; sourceTree = "<group>"; };
		A330161D278F18120079A493 /* ContactController.swift */ = {isa = PBXFileReference; lastKnownFileType = sourcecode.swift; path = ContactController.swift; sourceTree = "<group>"; };
		A330161F278F18450079A493 /* FoodController.swift */ = {isa = PBXFileReference; lastKnownFileType = sourcecode.swift; path = FoodController.swift; sourceTree = "<group>"; };
		A3301621278F262F0079A493 /* FoodTypeStruct.swift */ = {isa = PBXFileReference; lastKnownFileType = sourcecode.swift; path = FoodTypeStruct.swift; sourceTree = "<group>"; };
		A3301623278F26400079A493 /* FoodDatas.swift */ = {isa = PBXFileReference; lastKnownFileType = sourcecode.swift; path = FoodDatas.swift; sourceTree = "<group>"; };
		A3AE3CBD278E65D5007F518A /* Food App.app */ = {isa = PBXFileReference; explicitFileType = wrapper.application; includeInIndex = 0; path = "Food App.app"; sourceTree = BUILT_PRODUCTS_DIR; };
		A3AE3CC0278E65D5007F518A /* AppDelegate.swift */ = {isa = PBXFileReference; lastKnownFileType = sourcecode.swift; path = AppDelegate.swift; sourceTree = "<group>"; };
		A3AE3CC2278E65D5007F518A /* SceneDelegate.swift */ = {isa = PBXFileReference; lastKnownFileType = sourcecode.swift; path = SceneDelegate.swift; sourceTree = "<group>"; };
		A3AE3CC4278E65D5007F518A /* CarteController.swift */ = {isa = PBXFileReference; lastKnownFileType = sourcecode.swift; path = CarteController.swift; sourceTree = "<group>"; };
		A3AE3CC7278E65D5007F518A /* Base */ = {isa = PBXFileReference; lastKnownFileType = file.storyboard; name = Base; path = Base.lproj/Main.storyboard; sourceTree = "<group>"; };
		A3AE3CC9278E65D6007F518A /* Assets.xcassets */ = {isa = PBXFileReference; lastKnownFileType = folder.assetcatalog; path = Assets.xcassets; sourceTree = "<group>"; };
		A3AE3CCC278E65D6007F518A /* Base */ = {isa = PBXFileReference; lastKnownFileType = file.storyboard; name = Base; path = Base.lproj/LaunchScreen.storyboard; sourceTree = "<group>"; };
		A3AE3CCE278E65D6007F518A /* Info.plist */ = {isa = PBXFileReference; lastKnownFileType = text.plist.xml; path = Info.plist; sourceTree = "<group>"; };
/* End PBXFileReference section */

/* Begin PBXFrameworksBuildPhase section */
		A3AE3CBA278E65D5007F518A /* Frameworks */ = {
			isa = PBXFrameworksBuildPhase;
			buildActionMask = 2147483647;
			files = (
			);
			runOnlyForDeploymentPostprocessing = 0;
		};
/* End PBXFrameworksBuildPhase section */

/* Begin PBXGroup section */
		A3301625278F26580079A493 /* Data */ = {
			isa = PBXGroup;
			children = (
				A3301621278F262F0079A493 /* FoodTypeStruct.swift */,
				A3301623278F26400079A493 /* FoodDatas.swift */,
			);
			path = Data;
			sourceTree = "<group>";
		};
		A3AE3CB4278E65D5007F518A = {
			isa = PBXGroup;
			children = (
				A3AE3CBF278E65D5007F518A /* Food App */,
				A3AE3CBE278E65D5007F518A /* Products */,
			);
			sourceTree = "<group>";
		};
		A3AE3CBE278E65D5007F518A /* Products */ = {
			isa = PBXGroup;
			children = (
				A3AE3CBD278E65D5007F518A /* Food App.app */,
			);
			name = Products;
			sourceTree = "<group>";
		};
		A3AE3CBF278E65D5007F518A /* Food App */ = {
			isa = PBXGroup;
			children = (
				A3AE3CC0278E65D5007F518A /* AppDelegate.swift */,
				A3AE3CC2278E65D5007F518A /* SceneDelegate.swift */,
				A3AE3CC6278E65D5007F518A /* Main.storyboard */,
				A3AE3CC9278E65D6007F518A /* Assets.xcassets */,
				A3AE3CCB278E65D6007F518A /* LaunchScreen.storyboard */,
				A3AE3CCE278E65D6007F518A /* Info.plist */,
				A330161B278F14D00079A493 /* RoundedBorderedImg.swift */,
				A3AE3CC4278E65D5007F518A /* CarteController.swift */,
				A330161D278F18120079A493 /* ContactController.swift */,
				A330161F278F18450079A493 /* FoodController.swift */,
				A3301625278F26580079A493 /* Data */,
			);
			path = "Food App";
			sourceTree = "<group>";
		};
/* End PBXGroup section */

/* Begin PBXNativeTarget section */
		A3AE3CBC278E65D5007F518A /* Food App */ = {
			isa = PBXNativeTarget;
			buildConfigurationList = A3AE3CD1278E65D6007F518A /* Build configuration list for PBXNativeTarget "Food App" */;
			buildPhases = (
				A3AE3CB9278E65D5007F518A /* Sources */,
				A3AE3CBA278E65D5007F518A /* Frameworks */,
				A3AE3CBB278E65D5007F518A /* Resources */,
			);
			buildRules = (
			);
			dependencies = (
			);
			name = "Food App";
			productName = "Food App";
			productReference = A3AE3CBD278E65D5007F518A /* Food App.app */;
			productType = "com.apple.product-type.application";
		};
/* End PBXNativeTarget section */

/* Begin PBXProject section */
		A3AE3CB5278E65D5007F518A /* Project object */ = {
			isa = PBXProject;
			attributes = {
				BuildIndependentTargetsInParallel = 1;
				LastSwiftUpdateCheck = 1320;
				LastUpgradeCheck = 1320;
				TargetAttributes = {
					A3AE3CBC278E65D5007F518A = {
						CreatedOnToolsVersion = 13.2.1;
					};
				};
			};
			buildConfigurationList = A3AE3CB8278E65D5007F518A /* Build configuration list for PBXProject "Food App" */;
			compatibilityVersion = "Xcode 13.0";
			developmentRegion = en;
			hasScannedForEncodings = 0;
			knownRegions = (
				en,
				Base,
			);
			mainGroup = A3AE3CB4278E65D5007F518A;
			productRefGroup = A3AE3CBE278E65D5007F518A /* Products */;
			projectDirPath = "";
			projectRoot = "";
			targets = (
				A3AE3CBC278E65D5007F518A /* Food App */,
			);
		};
/* End PBXProject section */

/* Begin PBXResourcesBuildPhase section */
		A3AE3CBB278E65D5007F518A /* Resources */ = {
			isa = PBXResourcesBuildPhase;
			buildActionMask = 2147483647;
			files = (
				A3AE3CCD278E65D6007F518A /* LaunchScreen.storyboard in Resources */,
				A3AE3CCA278E65D6007F518A /* Assets.xcassets in Resources */,
				A3AE3CC8278E65D5007F518A /* Main.storyboard in Resources */,
			);
			runOnlyForDeploymentPostprocessing = 0;
		};
/* End PBXResourcesBuildPhase section */

/* Begin PBXSourcesBuildPhase section */
		A3AE3CB9278E65D5007F518A /* Sources */ = {
			isa = PBXSourcesBuildPhase;
			buildActionMask = 2147483647;
			files = (
				A330161C278F14D00079A493 /* RoundedBorderedImg.swift in Sources */,
				A330161E278F18120079A493 /* ContactController.swift in Sources */,
				A3AE3CC5278E65D5007F518A /* CarteController.swift in Sources */,
				A3301620278F18450079A493 /* FoodController.swift in Sources */,
				A3301622278F262F0079A493 /* FoodTypeStruct.swift in Sources */,
				A3AE3CC1278E65D5007F518A /* AppDelegate.swift in Sources */,
				A3AE3CC3278E65D5007F518A /* SceneDelegate.swift in Sources */,
				A3301624278F26400079A493 /* FoodDatas.swift in Sources */,
			);
			runOnlyForDeploymentPostprocessing = 0;
		};
/* End PBXSourcesBuildPhase section */

/* Begin PBXVariantGroup section */
		A3AE3CC6278E65D5007F518A /* Main.storyboard */ = {
			isa = PBXVariantGroup;
			children = (
				A3AE3CC7278E65D5007F518A /* Base */,
			);
			name = Main.storyboard;
			sourceTree = "<group>";
		};
		A3AE3CCB278E65D6007F518A /* LaunchScreen.storyboard */ = {
			isa = PBXVariantGroup;
			children = (
				A3AE3CCC278E65D6007F518A /* Base */,
			);
			name = LaunchScreen.storyboard;
			sourceTree = "<group>";
		};
/* End PBXVariantGroup section */

/* Begin XCBuildConfiguration section */
		A3AE3CCF278E65D6007F518A /* Debug */ = {
			isa = XCBuildConfiguration;
			buildSettings = {
				ALWAYS_SEARCH_USER_PATHS = NO;
				CLANG_ANALYZER_NONNULL = YES;
				CLANG_ANALYZER_NUMBER_OBJECT_CONVERSION = YES_AGGRESSIVE;
				CLANG_CXX_LANGUAGE_STANDARD = "gnu++17";
				CLANG_CXX_LIBRARY = "libc++";
				CLANG_ENABLE_MODULES = YES;
				CLANG_ENABLE_OBJC_ARC = YES;
				CLANG_ENABLE_OBJC_WEAK = YES;
				CLANG_WARN_BLOCK_CAPTURE_AUTORELEASING = YES;
				CLANG_WARN_BOOL_CONVERSION = YES;
				CLANG_WARN_COMMA = YES;
				CLANG_WARN_CONSTANT_CONVERSION = YES;
				CLANG_WARN_DEPRECATED_OBJC_IMPLEMENTATIONS = YES;
				CLANG_WARN_DIRECT_OBJC_ISA_USAGE = YES_ERROR;
				CLANG_WARN_DOCUMENTATION_COMMENTS = YES;
				CLANG_WARN_EMPTY_BODY = YES;
				CLANG_WARN_ENUM_CONVERSION = YES;
				CLANG_WARN_INFINITE_RECURSION = YES;
				CLANG_WARN_INT_CONVERSION = YES;
				CLANG_WARN_NON_LITERAL_NULL_CONVERSION = YES;
				CLANG_WARN_OBJC_IMPLICIT_RETAIN_SELF = YES;
				CLANG_WARN_OBJC_LITERAL_CONVERSION = YES;
				CLANG_WARN_OBJC_ROOT_CLASS = YES_ERROR;
				CLANG_WARN_QUOTED_INCLUDE_IN_FRAMEWORK_HEADER = YES;
				CLANG_WARN_RANGE_LOOP_ANALYSIS = YES;
				CLANG_WARN_STRICT_PROTOTYPES = YES;
				CLANG_WARN_SUSPICIOUS_MOVE = YES;
				CLANG_WARN_UNGUARDED_AVAILABILITY = YES_AGGRESSIVE;
				CLANG_WARN_UNREACHABLE_CODE = YES;
				CLANG_WARN__DUPLICATE_METHOD_MATCH = YES;
				COPY_PHASE_STRIP = NO;
				DEBUG_INFORMATION_FORMAT = dwarf;
				ENABLE_STRICT_OBJC_MSGSEND = YES;
				ENABLE_TESTABILITY = YES;
				GCC_C_LANGUAGE_STANDARD = gnu11;
				GCC_DYNAMIC_NO_PIC = NO;
				GCC_NO_COMMON_BLOCKS = YES;
				GCC_OPTIMIZATION_LEVEL = 0;
				GCC_PREPROCESSOR_DEFINITIONS = (
					"DEBUG=1",
					"$(inherited)",
				);
				GCC_WARN_64_TO_32_BIT_CONVERSION = YES;
				GCC_WARN_ABOUT_RETURN_TYPE = YES_ERROR;
				GCC_WARN_UNDECLARED_SELECTOR = YES;
				GCC_WARN_UNINITIALIZED_AUTOS = YES_AGGRESSIVE;
				GCC_WARN_UNUSED_FUNCTION = YES;
				GCC_WARN_UNUSED_VARIABLE = YES;
				IPHONEOS_DEPLOYMENT_TARGET = 15.2;
				MTL_ENABLE_DEBUG_INFO = INCLUDE_SOURCE;
				MTL_FAST_MATH = YES;
				ONLY_ACTIVE_ARCH = YES;
				SDKROOT = iphoneos;
				SWIFT_ACTIVE_COMPILATION_CONDITIONS = DEBUG;
				SWIFT_OPTIMIZATION_LEVEL = "-Onone";
			};
			name = Debug;
		};
		A3AE3CD0278E65D6007F518A /* Release */ = {
			isa = XCBuildConfiguration;
			buildSettings = {
				ALWAYS_SEARCH_USER_PATHS = NO;
				CLANG_ANALYZER_NONNULL = YES;
				CLANG_ANALYZER_NUMBER_OBJECT_CONVERSION = YES_AGGRESSIVE;
				CLANG_CXX_LANGUAGE_STANDARD = "gnu++17";
				CLANG_CXX_LIBRARY = "libc++";
				CLANG_ENABLE_MODULES = YES;
				CLANG_ENABLE_OBJC_ARC = YES;
				CLANG_ENABLE_OBJC_WEAK = YES;
				CLANG_WARN_BLOCK_CAPTURE_AUTORELEASING = YES;
				CLANG_WARN_BOOL_CONVERSION = YES;
				CLANG_WARN_COMMA = YES;
				CLANG_WARN_CONSTANT_CONVERSION = YES;
				CLANG_WARN_DEPRECATED_OBJC_IMPLEMENTATIONS = YES;
				CLANG_WARN_DIRECT_OBJC_ISA_USAGE = YES_ERROR;
				CLANG_WARN_DOCUMENTATION_COMMENTS = YES;
				CLANG_WARN_EMPTY_BODY = YES;
				CLANG_WARN_ENUM_CONVERSION = YES;
				CLANG_WARN_INFINITE_RECURSION = YES;
				CLANG_WARN_INT_CONVERSION = YES;
				CLANG_WARN_NON_LITERAL_NULL_CONVERSION = YES;
				CLANG_WARN_OBJC_IMPLICIT_RETAIN_SELF = YES;
				CLANG_WARN_OBJC_LITERAL_CONVERSION = YES;
				CLANG_WARN_OBJC_ROOT_CLASS = YES_ERROR;
				CLANG_WARN_QUOTED_INCLUDE_IN_FRAMEWORK_HEADER = YES;
				CLANG_WARN_RANGE_LOOP_ANALYSIS = YES;
				CLANG_WARN_STRICT_PROTOTYPES = YES;
				CLANG_WARN_SUSPICIOUS_MOVE = YES;
				CLANG_WARN_UNGUARDED_AVAILABILITY = YES_AGGRESSIVE;
				CLANG_WARN_UNREACHABLE_CODE = YES;
				CLANG_WARN__DUPLICATE_METHOD_MATCH = YES;
				COPY_PHASE_STRIP = NO;
				DEBUG_INFORMATION_FORMAT = "dwarf-with-dsym";
				ENABLE_NS_ASSERTIONS = NO;
				ENABLE_STRICT_OBJC_MSGSEND = YES;
				GCC_C_LANGUAGE_STANDARD = gnu11;
				GCC_NO_COMMON_BLOCKS = YES;
				GCC_WARN_64_TO_32_BIT_CONVERSION = YES;
				GCC_WARN_ABOUT_RETURN_TYPE = YES_ERROR;
				GCC_WARN_UNDECLARED_SELECTOR = YES;
				GCC_WARN_UNINITIALIZED_AUTOS = YES_AGGRESSIVE;
				GCC_WARN_UNUSED_FUNCTION = YES;
				GCC_WARN_UNUSED_VARIABLE = YES;
				IPHONEOS_DEPLOYMENT_TARGET = 15.2;
				MTL_ENABLE_DEBUG_INFO = NO;
				MTL_FAST_MATH = YES;
				SDKROOT = iphoneos;
				SWIFT_COMPILATION_MODE = wholemodule;
				SWIFT_OPTIMIZATION_LEVEL = "-O";
				VALIDATE_PRODUCT = YES;
			};
			name = Release;
		};
		A3AE3CD2278E65D6007F518A /* Debug */ = {
			isa = XCBuildConfiguration;
			buildSettings = {
				ASSETCATALOG_COMPILER_APPICON_NAME = AppIcon;
				ASSETCATALOG_COMPILER_GLOBAL_ACCENT_COLOR_NAME = AccentColor;
				CODE_SIGN_STYLE = Automatic;
				CURRENT_PROJECT_VERSION = 1;
				GENERATE_INFOPLIST_FILE = YES;
				INFOPLIST_FILE = "Food App/Info.plist";
				INFOPLIST_KEY_UIApplicationSupportsIndirectInputEvents = YES;
				INFOPLIST_KEY_UILaunchStoryboardName = LaunchScreen;
				INFOPLIST_KEY_UIMainStoryboardFile = Main;
				INFOPLIST_KEY_UISupportedInterfaceOrientations_iPad = "UIInterfaceOrientationPortrait UIInterfaceOrientationPortraitUpsideDown UIInterfaceOrientationLandscapeLeft UIInterfaceOrientationLandscapeRight";
				INFOPLIST_KEY_UISupportedInterfaceOrientations_iPhone = "UIInterfaceOrientationPortrait UIInterfaceOrientationLandscapeLeft UIInterfaceOrientationLandscapeRight";
				LD_RUNPATH_SEARCH_PATHS = (
					"$(inherited)",
					"@executable_path/Frameworks",
				);
				MARKETING_VERSION = 1.0;
				PRODUCT_BUNDLE_IDENTIFIER = "Jo.Food-App";
				PRODUCT_NAME = "$(TARGET_NAME)";
				SWIFT_EMIT_LOC_STRINGS = YES;
				SWIFT_VERSION = 5.0;
				TARGETED_DEVICE_FAMILY = "1,2";
			};
			name = Debug;
		};
		A3AE3CD3278E65D6007F518A /* Release */ = {
			isa = XCBuildConfiguration;
			buildSettings = {
				ASSETCATALOG_COMPILER_APPICON_NAME = AppIcon;
				ASSETCATALOG_COMPILER_GLOBAL_ACCENT_COLOR_NAME = AccentColor;
				CODE_SIGN_STYLE = Automatic;
				CURRENT_PROJECT_VERSION = 1;
				GENERATE_INFOPLIST_FILE = YES;
				INFOPLIST_FILE = "Food App/Info.plist";
				INFOPLIST_KEY_UIApplicationSupportsIndirectInputEvents = YES;
				INFOPLIST_KEY_UILaunchStoryboardName = LaunchScreen;
				INFOPLIST_KEY_UIMainStoryboardFile = Main;
				INFOPLIST_KEY_UISupportedInterfaceOrientations_iPad = "UIInterfaceOrientationPortrait UIInterfaceOrientationPortraitUpsideDown UIInterfaceOrientationLandscapeLeft UIInterfaceOrientationLandscapeRight";
				INFOPLIST_KEY_UISupportedInterfaceOrientations_iPhone = "UIInterfaceOrientationPortrait UIInterfaceOrientationLandscapeLeft UIInterfaceOrientationLandscapeRight";
				LD_RUNPATH_SEARCH_PATHS = (
					"$(inherited)",
					"@executable_path/Frameworks",
				);
				MARKETING_VERSION = 1.0;
				PRODUCT_BUNDLE_IDENTIFIER = "Jo.Food-App";
				PRODUCT_NAME = "$(TARGET_NAME)";
				SWIFT_EMIT_LOC_STRINGS = YES;
				SWIFT_VERSION = 5.0;
				TARGETED_DEVICE_FAMILY = "1,2";
			};
			name = Release;
		};
/* End XCBuildConfiguration section */

/* Begin XCConfigurationList section */
		A3AE3CB8278E65D5007F518A /* Build configuration list for PBXProject "Food App" */ = {
			isa = XCConfigurationList;
			buildConfigurations = (
				A3AE3CCF278E65D6007F518A /* Debug */,
				A3AE3CD0278E65D6007F518A /* Release */,
			);
			defaultConfigurationIsVisible = 0;
			defaultConfigurationName = Release;
		};
		A3AE3CD1278E65D6007F518A /* Build configuration list for PBXNativeTarget "Food App" */ = {
			isa = XCConfigurationList;
			buildConfigurations = (
				A3AE3CD2278E65D6007F518A /* Debug */,
				A3AE3CD3278E65D6007F518A /* Release */,
			);
			defaultConfigurationIsVisible = 0;
			defaultConfigurationName = Release;
		};
/* End XCConfigurationList section */
	};
	rootObject = A3AE3CB5278E65D5007F518A /* Project object */;
}
